// !$*UTF8*$!
{
	archiveVersion = 1;
	classes = {
	};
	objectVersion = 46;
	objects = {

/* Begin PBXBuildFile section */
		4F620F081F67A18D000D51A8 /* main.m in Sources */ = {isa = PBXBuildFile; fileRef = 4F620F071F67A18D000D51A8 /* main.m */; };
		4F620F0B1F67A18D000D51A8 /* AppDelegate.m in Sources */ = {isa = PBXBuildFile; fileRef = 4F620F0A1F67A18D000D51A8 /* AppDelegate.m */; };
		4F620F0E1F67A18D000D51A8 /* ViewController.m in Sources */ = {isa = PBXBuildFile; fileRef = 4F620F0D1F67A18D000D51A8 /* ViewController.m */; };
		4F620F111F67A18D000D51A8 /* Main.storyboard in Resources */ = {isa = PBXBuildFile; fileRef = 4F620F0F1F67A18D000D51A8 /* Main.storyboard */; };
		4F620F131F67A18D000D51A8 /* Assets.xcassets in Resources */ = {isa = PBXBuildFile; fileRef = 4F620F121F67A18D000D51A8 /* Assets.xcassets */; };
		4F620F161F67A18D000D51A8 /* LaunchScreen.storyboard in Resources */ = {isa = PBXBuildFile; fileRef = 4F620F141F67A18D000D51A8 /* LaunchScreen.storyboard */; };
		4F620F211F67A18D000D51A8 /* RestructureYinYueTaiTests.m in Sources */ = {isa = PBXBuildFile; fileRef = 4F620F201F67A18D000D51A8 /* RestructureYinYueTaiTests.m */; };
		4F620F2C1F67A18D000D51A8 /* RestructureYinYueTaiUITests.m in Sources */ = {isa = PBXBuildFile; fileRef = 4F620F2B1F67A18D000D51A8 /* RestructureYinYueTaiUITests.m */; };
/* End PBXBuildFile section */

/* Begin PBXContainerItemProxy section */
		4F620F1D1F67A18D000D51A8 /* PBXContainerItemProxy */ = {
			isa = PBXContainerItemProxy;
			containerPortal = 4F620EFB1F67A18D000D51A8 /* Project object */;
			proxyType = 1;
			remoteGlobalIDString = 4F620F021F67A18D000D51A8;
			remoteInfo = RestructureYinYueTai;
		};
		4F620F281F67A18D000D51A8 /* PBXContainerItemProxy */ = {
			isa = PBXContainerItemProxy;
			containerPortal = 4F620EFB1F67A18D000D51A8 /* Project object */;
			proxyType = 1;
			remoteGlobalIDString = 4F620F021F67A18D000D51A8;
			remoteInfo = RestructureYinYueTai;
		};
/* End PBXContainerItemProxy section */

/* Begin PBXFileReference section */
		4F620F031F67A18D000D51A8 /* RestructureYinYueTai.app */ = {isa = PBXFileReference; explicitFileType = wrapper.application; includeInIndex = 0; path = RestructureYinYueTai.app; sourceTree = BUILT_PRODUCTS_DIR; };
		4F620F071F67A18D000D51A8 /* main.m */ = {isa = PBXFileReference; lastKnownFileType = sourcecode.c.objc; path = main.m; sourceTree = "<group>"; };
		4F620F091F67A18D000D51A8 /* AppDelegate.h */ = {isa = PBXFileReference; lastKnownFileType = sourcecode.c.h; path = AppDelegate.h; sourceTree = "<group>"; };
		4F620F0A1F67A18D000D51A8 /* AppDelegate.m */ = {isa = PBXFileReference; lastKnownFileType = sourcecode.c.objc; path = AppDelegate.m; sourceTree = "<group>"; };
		4F620F0C1F67A18D000D51A8 /* ViewController.h */ = {isa = PBXFileReference; lastKnownFileType = sourcecode.c.h; path = ViewController.h; sourceTree = "<group>"; };
		4F620F0D1F67A18D000D51A8 /* ViewController.m */ = {isa = PBXFileReference; lastKnownFileType = sourcecode.c.objc; path = ViewController.m; sourceTree = "<group>"; };
		4F620F101F67A18D000D51A8 /* Base */ = {isa = PBXFileReference; lastKnownFileType = file.storyboard; name = Base; path = Base.lproj/Main.storyboard; sourceTree = "<group>"; };
		4F620F121F67A18D000D51A8 /* Assets.xcassets */ = {isa = PBXFileReference; lastKnownFileType = folder.assetcatalog; path = Assets.xcassets; sourceTree = "<group>"; };
		4F620F151F67A18D000D51A8 /* Base */ = {isa = PBXFileReference; lastKnownFileType = file.storyboard; name = Base; path = Base.lproj/LaunchScreen.storyboard; sourceTree = "<group>"; };
		4F620F171F67A18D000D51A8 /* Info.plist */ = {isa = PBXFileReference; lastKnownFileType = text.plist.xml; path = Info.plist; sourceTree = "<group>"; };
		4F620F1C1F67A18D000D51A8 /* RestructureYinYueTaiTests.xctest */ = {isa = PBXFileReference; explicitFileType = wrapper.cfbundle; includeInIndex = 0; path = RestructureYinYueTaiTests.xctest; sourceTree = BUILT_PRODUCTS_DIR; };
		4F620F201F67A18D000D51A8 /* RestructureYinYueTaiTests.m */ = {isa = PBXFileReference; lastKnownFileType = sourcecode.c.objc; path = RestructureYinYueTaiTests.m; sourceTree = "<group>"; };
		4F620F221F67A18D000D51A8 /* Info.plist */ = {isa = PBXFileReference; lastKnownFileType = text.plist.xml; path = Info.plist; sourceTree = "<group>"; };
		4F620F271F67A18D000D51A8 /* RestructureYinYueTaiUITests.xctest */ = {isa = PBXFileReference; explicitFileType = wrapper.cfbundle; includeInIndex = 0; path = RestructureYinYueTaiUITests.xctest; sourceTree = BUILT_PRODUCTS_DIR; };
		4F620F2B1F67A18D000D51A8 /* RestructureYinYueTaiUITests.m */ = {isa = PBXFileReference; lastKnownFileType = sourcecode.c.objc; path = RestructureYinYueTaiUITests.m; sourceTree = "<group>"; };
		4F620F2D1F67A18D000D51A8 /* Info.plist */ = {isa = PBXFileReference; lastKnownFileType = text.plist.xml; path = Info.plist; sourceTree = "<group>"; };
/* End PBXFileReference section */

/* Begin PBXFrameworksBuildPhase section */
		4F620F001F67A18D000D51A8 /* Frameworks */ = {
			isa = PBXFrameworksBuildPhase;
			buildActionMask = 2147483647;
			files = (
			);
			runOnlyForDeploymentPostprocessing = 0;
		};
		4F620F191F67A18D000D51A8 /* Frameworks */ = {
			isa = PBXFrameworksBuildPhase;
			buildActionMask = 2147483647;
			files = (
			);
			runOnlyForDeploymentPostprocessing = 0;
		};
		4F620F241F67A18D000D51A8 /* Frameworks */ = {
			isa = PBXFrameworksBuildPhase;
			buildActionMask = 2147483647;
			files = (
			);
			runOnlyForDeploymentPostprocessing = 0;
		};
/* End PBXFrameworksBuildPhase section */

/* Begin PBXGroup section */
		4F620EFA1F67A18D000D51A8 = {
			isa = PBXGroup;
			children = (
				4F620F051F67A18D000D51A8 /* RestructureYinYueTai */,
				4F620F1F1F67A18D000D51A8 /* RestructureYinYueTaiTests */,
				4F620F2A1F67A18D000D51A8 /* RestructureYinYueTaiUITests */,
				4F620F041F67A18D000D51A8 /* Products */,
			);
			sourceTree = "<group>";
		};
		4F620F041F67A18D000D51A8 /* Products */ = {
			isa = PBXGroup;
			children = (
				4F620F031F67A18D000D51A8 /* RestructureYinYueTai.app */,
				4F620F1C1F67A18D000D51A8 /* RestructureYinYueTaiTests.xctest */,
				4F620F271F67A18D000D51A8 /* RestructureYinYueTaiUITests.xctest */,
			);
			name = Products;
			sourceTree = "<group>";
		};
		4F620F051F67A18D000D51A8 /* RestructureYinYueTai */ = {
			isa = PBXGroup;
			children = (
				4F620F091F67A18D000D51A8 /* AppDelegate.h */,
				4F620F0A1F67A18D000D51A8 /* AppDelegate.m */,
				4F620F0C1F67A18D000D51A8 /* ViewController.h */,
				4F620F0D1F67A18D000D51A8 /* ViewController.m */,
				4F620F0F1F67A18D000D51A8 /* Main.storyboard */,
				4F620F121F67A18D000D51A8 /* Assets.xcassets */,
				4F620F141F67A18D000D51A8 /* LaunchScreen.storyboard */,
				4F620F171F67A18D000D51A8 /* Info.plist */,
				4F620F061F67A18D000D51A8 /* Supporting Files */,
			);
			path = RestructureYinYueTai;
			sourceTree = "<group>";
		};
		4F620F061F67A18D000D51A8 /* Supporting Files */ = {
			isa = PBXGroup;
			children = (
				4F620F071F67A18D000D51A8 /* main.m */,
			);
			name = "Supporting Files";
			sourceTree = "<group>";
		};
		4F620F1F1F67A18D000D51A8 /* RestructureYinYueTaiTests */ = {
			isa = PBXGroup;
			children = (
				4F620F201F67A18D000D51A8 /* RestructureYinYueTaiTests.m */,
				4F620F221F67A18D000D51A8 /* Info.plist */,
			);
			path = RestructureYinYueTaiTests;
			sourceTree = "<group>";
		};
		4F620F2A1F67A18D000D51A8 /* RestructureYinYueTaiUITests */ = {
			isa = PBXGroup;
			children = (
				4F620F2B1F67A18D000D51A8 /* RestructureYinYueTaiUITests.m */,
				4F620F2D1F67A18D000D51A8 /* Info.plist */,
			);
			path = RestructureYinYueTaiUITests;
			sourceTree = "<group>";
		};
/* End PBXGroup section */

/* Begin PBXNativeTarget section */
		4F620F021F67A18D000D51A8 /* RestructureYinYueTai */ = {
			isa = PBXNativeTarget;
			buildConfigurationList = 4F620F301F67A18D000D51A8 /* Build configuration list for PBXNativeTarget "RestructureYinYueTai" */;
			buildPhases = (
				4F620EFF1F67A18D000D51A8 /* Sources */,
				4F620F001F67A18D000D51A8 /* Frameworks */,
				4F620F011F67A18D000D51A8 /* Resources */,
			);
			buildRules = (
			);
			dependencies = (
			);
			name = RestructureYinYueTai;
			productName = RestructureYinYueTai;
			productReference = 4F620F031F67A18D000D51A8 /* RestructureYinYueTai.app */;
			productType = "com.apple.product-type.application";
		};
		4F620F1B1F67A18D000D51A8 /* RestructureYinYueTaiTests */ = {
			isa = PBXNativeTarget;
			buildConfigurationList = 4F620F331F67A18D000D51A8 /* Build configuration list for PBXNativeTarget "RestructureYinYueTaiTests" */;
			buildPhases = (
				4F620F181F67A18D000D51A8 /* Sources */,
				4F620F191F67A18D000D51A8 /* Frameworks */,
				4F620F1A1F67A18D000D51A8 /* Resources */,
			);
			buildRules = (
			);
			dependencies = (
				4F620F1E1F67A18D000D51A8 /* PBXTargetDependency */,
			);
			name = RestructureYinYueTaiTests;
			productName = RestructureYinYueTaiTests;
			productReference = 4F620F1C1F67A18D000D51A8 /* RestructureYinYueTaiTests.xctest */;
			productType = "com.apple.product-type.bundle.unit-test";
		};
		4F620F261F67A18D000D51A8 /* RestructureYinYueTaiUITests */ = {
			isa = PBXNativeTarget;
			buildConfigurationList = 4F620F361F67A18D000D51A8 /* Build configuration list for PBXNativeTarget "RestructureYinYueTaiUITests" */;
			buildPhases = (
				4F620F231F67A18D000D51A8 /* Sources */,
				4F620F241F67A18D000D51A8 /* Frameworks */,
				4F620F251F67A18D000D51A8 /* Resources */,
			);
			buildRules = (
			);
			dependencies = (
				4F620F291F67A18D000D51A8 /* PBXTargetDependency */,
			);
			name = RestructureYinYueTaiUITests;
			productName = RestructureYinYueTaiUITests;
			productReference = 4F620F271F67A18D000D51A8 /* RestructureYinYueTaiUITests.xctest */;
			productType = "com.apple.product-type.bundle.ui-testing";
		};
/* End PBXNativeTarget section */

/* Begin PBXProject section */
		4F620EFB1F67A18D000D51A8 /* Project object */ = {
			isa = PBXProject;
			attributes = {
				LastUpgradeCheck = 0820;
				ORGANIZATIONNAME = iOSfghj;
				TargetAttributes = {
					4F620F021F67A18D000D51A8 = {
						CreatedOnToolsVersion = 8.2.1;
						ProvisioningStyle = Automatic;
					};
					4F620F1B1F67A18D000D51A8 = {
						CreatedOnToolsVersion = 8.2.1;
						ProvisioningStyle = Automatic;
						TestTargetID = 4F620F021F67A18D000D51A8;
					};
					4F620F261F67A18D000D51A8 = {
						CreatedOnToolsVersion = 8.2.1;
						ProvisioningStyle = Automatic;
						TestTargetID = 4F620F021F67A18D000D51A8;
					};
				};
			};
			buildConfigurationList = 4F620EFE1F67A18D000D51A8 /* Build configuration list for PBXProject "RestructureYinYueTai" */;
			compatibilityVersion = "Xcode 3.2";
			developmentRegion = English;
			hasScannedForEncodings = 0;
			knownRegions = (
				en,
				Base,
			);
			mainGroup = 4F620EFA1F67A18D000D51A8;
			productRefGroup = 4F620F041F67A18D000D51A8 /* Products */;
			projectDirPath = "";
			projectRoot = "";
			targets = (
				4F620F021F67A18D000D51A8 /* RestructureYinYueTai */,
				4F620F1B1F67A18D000D51A8 /* RestructureYinYueTaiTests */,
				4F620F261F67A18D000D51A8 /* RestructureYinYueTaiUITests */,
			);
		};
/* End PBXProject section */

/* Begin PBXResourcesBuildPhase section */
		4F620F011F67A18D000D51A8 /* Resources */ = {
			isa = PBXResourcesBuildPhase;
			buildActionMask = 2147483647;
			files = (
				4F620F161F67A18D000D51A8 /* LaunchScreen.storyboard in Resources */,
				4F620F131F67A18D000D51A8 /* Assets.xcassets in Resources */,
				4F620F111F67A18D000D51A8 /* Main.storyboard in Resources */,
			);
			runOnlyForDeploymentPostprocessing = 0;
		};
		4F620F1A1F67A18D000D51A8 /* Resources */ = {
			isa = PBXResourcesBuildPhase;
			buildActionMask = 2147483647;
			files = (
			);
			runOnlyForDeploymentPostprocessing = 0;
		};
		4F620F251F67A18D000D51A8 /* Resources */ = {
			isa = PBXResourcesBuildPhase;
			buildActionMask = 2147483647;
			files = (
			);
			runOnlyForDeploymentPostprocessing = 0;
		};
/* End PBXResourcesBuildPhase section */

/* Begin PBXSourcesBuildPhase section */
		4F620EFF1F67A18D000D51A8 /* Sources */ = {
			isa = PBXSourcesBuildPhase;
			buildActionMask = 2147483647;
			files = (
				4F620F0E1F67A18D000D51A8 /* ViewController.m in Sources */,
				4F620F0B1F67A18D000D51A8 /* AppDelegate.m in Sources */,
				4F620F081F67A18D000D51A8 /* main.m in Sources */,
			);
			runOnlyForDeploymentPostprocessing = 0;
		};
		4F620F181F67A18D000D51A8 /* Sources */ = {
			isa = PBXSourcesBuildPhase;
			buildActionMask = 2147483647;
			files = (
				4F620F211F67A18D000D51A8 /* RestructureYinYueTaiTests.m in Sources */,
			);
			runOnlyForDeploymentPostprocessing = 0;
		};
		4F620F231F67A18D000D51A8 /* Sources */ = {
			isa = PBXSourcesBuildPhase;
			buildActionMask = 2147483647;
			files = (
				4F620F2C1F67A18D000D51A8 /* RestructureYinYueTaiUITests.m in Sources */,
			);
			runOnlyForDeploymentPostprocessing = 0;
		};
/* End PBXSourcesBuildPhase section */

/* Begin PBXTargetDependency section */
		4F620F1E1F67A18D000D51A8 /* PBXTargetDependency */ = {
			isa = PBXTargetDependency;
			target = 4F620F021F67A18D000D51A8 /* RestructureYinYueTai */;
			targetProxy = 4F620F1D1F67A18D000D51A8 /* PBXContainerItemProxy */;
		};
		4F620F291F67A18D000D51A8 /* PBXTargetDependency */ = {
			isa = PBXTargetDependency;
			target = 4F620F021F67A18D000D51A8 /* RestructureYinYueTai */;
			targetProxy = 4F620F281F67A18D000D51A8 /* PBXContainerItemProxy */;
		};
/* End PBXTargetDependency section */

/* Begin PBXVariantGroup section */
		4F620F0F1F67A18D000D51A8 /* Main.storyboard */ = {
			isa = PBXVariantGroup;
			children = (
				4F620F101F67A18D000D51A8 /* Base */,
			);
			name = Main.storyboard;
			sourceTree = "<group>";
		};
		4F620F141F67A18D000D51A8 /* LaunchScreen.storyboard */ = {
			isa = PBXVariantGroup;
			children = (
				4F620F151F67A18D000D51A8 /* Base */,
			);
			name = LaunchScreen.storyboard;
			sourceTree = "<group>";
		};
/* End PBXVariantGroup section */

/* Begin XCBuildConfiguration section */
		4F620F2E1F67A18D000D51A8 /* Debug */ = {
			isa = XCBuildConfiguration;
			buildSettings = {
				ALWAYS_SEARCH_USER_PATHS = NO;
				CLANG_ANALYZER_NONNULL = YES;
				CLANG_CXX_LANGUAGE_STANDARD = "gnu++0x";
				CLANG_CXX_LIBRARY = "libc++";
				CLANG_ENABLE_MODULES = YES;
				CLANG_ENABLE_OBJC_ARC = YES;
				CLANG_WARN_BOOL_CONVERSION = YES;
				CLANG_WARN_CONSTANT_CONVERSION = YES;
				CLANG_WARN_DIRECT_OBJC_ISA_USAGE = YES_ERROR;
				CLANG_WARN_DOCUMENTATION_COMMENTS = YES;
				CLANG_WARN_EMPTY_BODY = YES;
				CLANG_WARN_ENUM_CONVERSION = YES;
				CLANG_WARN_INFINITE_RECURSION = YES;
				CLANG_WARN_INT_CONVERSION = YES;
				CLANG_WARN_OBJC_ROOT_CLASS = YES_ERROR;
				CLANG_WARN_SUSPICIOUS_MOVE = YES;
				CLANG_WARN_UNREACHABLE_CODE = YES;
				CLANG_WARN__DUPLICATE_METHOD_MATCH = YES;
				"CODE_SIGN_IDENTITY[sdk=iphoneos*]" = "iPhone Developer";
				COPY_PHASE_STRIP = NO;
				DEBUG_INFORMATION_FORMAT = dwarf;
				ENABLE_STRICT_OBJC_MSGSEND = YES;
				ENABLE_TESTABILITY = YES;
				GCC_C_LANGUAGE_STANDARD = gnu99;
				GCC_DYNAMIC_NO_PIC = NO;
				GCC_NO_COMMON_BLOCKS = YES;
				GCC_OPTIMIZATION_LEVEL = 0;
				GCC_PREPROCESSOR_DEFINITIONS = (
					"DEBUG=1",
					"$(inherited)",
				);
				GCC_WARN_64_TO_32_BIT_CONVERSION = YES;
				GCC_WARN_ABOUT_RETURN_TYPE = YES_ERROR;
				GCC_WARN_UNDECLARED_SELECTOR = YES;
				GCC_WARN_UNINITIALIZED_AUTOS = YES_AGGRESSIVE;
				GCC_WARN_UNUSED_FUNCTION = YES;
				GCC_WARN_UNUSED_VARIABLE = YES;
				IPHONEOS_DEPLOYMENT_TARGET = 10.2;
				MTL_ENABLE_DEBUG_INFO = YES;
				ONLY_ACTIVE_ARCH = YES;
				SDKROOT = iphoneos;
				TARGETED_DEVICE_FAMILY = "1,2";
			};
			name = Debug;
		};
		4F620F2F1F67A18D000D51A8 /* Release */ = {
			isa = XCBuildConfiguration;
			buildSettings = {
				ALWAYS_SEARCH_USER_PATHS = NO;
				CLANG_ANALYZER_NONNULL = YES;
				CLANG_CXX_LANGUAGE_STANDARD = "gnu++0x";
				CLANG_CXX_LIBRARY = "libc++";
				CLANG_ENABLE_MODULES = YES;
				CLANG_ENABLE_OBJC_ARC = YES;
				CLANG_WARN_BOOL_CONVERSION = YES;
				CLANG_WARN_CONSTANT_CONVERSION = YES;
				CLANG_WARN_DIRECT_OBJC_ISA_USAGE = YES_ERROR;
				CLANG_WARN_DOCUMENTATION_COMMENTS = YES;
				CLANG_WARN_EMPTY_BODY = YES;
				CLANG_WARN_ENUM_CONVERSION = YES;
				CLANG_WARN_INFINITE_RECURSION = YES;
				CLANG_WARN_INT_CONVERSION = YES;
				CLANG_WARN_OBJC_ROOT_CLASS = YES_ERROR;
				CLANG_WARN_SUSPICIOUS_MOVE = YES;
				CLANG_WARN_UNREACHABLE_CODE = YES;
				CLANG_WARN__DUPLICATE_METHOD_MATCH = YES;
				"CODE_SIGN_IDENTITY[sdk=iphoneos*]" = "iPhone Developer";
				COPY_PHASE_STRIP = NO;
				DEBUG_INFORMATION_FORMAT = "dwarf-with-dsym";
				ENABLE_NS_ASSERTIONS = NO;
				ENABLE_STRICT_OBJC_MSGSEND = YES;
				GCC_C_LANGUAGE_STANDARD = gnu99;
				GCC_NO_COMMON_BLOCKS = YES;
				GCC_WARN_64_TO_32_BIT_CONVERSION = YES;
				GCC_WARN_ABOUT_RETURN_TYPE = YES_ERROR;
				GCC_WARN_UNDECLARED_SELECTOR = YES;
				GCC_WARN_UNINITIALIZED_AUTOS = YES_AGGRESSIVE;
				GCC_WARN_UNUSED_FUNCTION = YES;
				GCC_WARN_UNUSED_VARIABLE = YES;
				IPHONEOS_DEPLOYMENT_TARGET = 10.2;
				MTL_ENABLE_DEBUG_INFO = NO;
				SDKROOT = iphoneos;
				TARGETED_DEVICE_FAMILY = "1,2";
				VALIDATE_PRODUCT = YES;
			};
			name = Release;
		};
		4F620F311F67A18D000D51A8 /* Debug */ = {
			isa = XCBuildConfiguration;
			buildSettings = {
				ASSETCATALOG_COMPILER_APPICON_NAME = AppIcon;
				INFOPLIST_FILE = RestructureYinYueTai/Info.plist;
				LD_RUNPATH_SEARCH_PATHS = "$(inherited) @executable_path/Frameworks";
				PRODUCT_BUNDLE_IDENTIFIER = "-1hjkl.RestructureYinYueTai";
				PRODUCT_NAME = "$(TARGET_NAME)";
			};
			name = Debug;
		};
		4F620F321F67A18D000D51A8 /* Release */ = {
			isa = XCBuildConfiguration;
			buildSettings = {
				ASSETCATALOG_COMPILER_APPICON_NAME = AppIcon;
				INFOPLIST_FILE = RestructureYinYueTai/Info.plist;
				LD_RUNPATH_SEARCH_PATHS = "$(inherited) @executable_path/Frameworks";
				PRODUCT_BUNDLE_IDENTIFIER = "-1hjkl.RestructureYinYueTai";
				PRODUCT_NAME = "$(TARGET_NAME)";
			};
			name = Release;
		};
		4F620F341F67A18D000D51A8 /* Debug */ = {
			isa = XCBuildConfiguration;
			buildSettings = {
				BUNDLE_LOADER = "$(TEST_HOST)";
				INFOPLIST_FILE = RestructureYinYueTaiTests/Info.plist;
				LD_RUNPATH_SEARCH_PATHS = "$(inherited) @executable_path/Frameworks @loader_path/Frameworks";
				PRODUCT_BUNDLE_IDENTIFIER = "-1hjkl.RestructureYinYueTaiTests";
				PRODUCT_NAME = "$(TARGET_NAME)";
				TEST_HOST = "$(BUILT_PRODUCTS_DIR)/RestructureYinYueTai.app/RestructureYinYueTai";
			};
			name = Debug;
		};
		4F620F351F67A18D000D51A8 /* Release */ = {
			isa = XCBuildConfiguration;
			buildSettings = {
				BUNDLE_LOADER = "$(TEST_HOST)";
				INFOPLIST_FILE = RestructureYinYueTaiTests/Info.plist;
				LD_RUNPATH_SEARCH_PATHS = "$(inherited) @executable_path/Frameworks @loader_path/Frameworks";
				PRODUCT_BUNDLE_IDENTIFIER = "-1hjkl.RestructureYinYueTaiTests";
				PRODUCT_NAME = "$(TARGET_NAME)";
				TEST_HOST = "$(BUILT_PRODUCTS_DIR)/RestructureYinYueTai.app/RestructureYinYueTai";
			};
			name = Release;
		};
		4F620F371F67A18D000D51A8 /* Debug */ = {
			isa = XCBuildConfiguration;
			buildSettings = {
				INFOPLIST_FILE = RestructureYinYueTaiUITests/Info.plist;
				LD_RUNPATH_SEARCH_PATHS = "$(inherited) @executable_path/Frameworks @loader_path/Frameworks";
				PRODUCT_BUNDLE_IDENTIFIER = "-1hjkl.RestructureYinYueTaiUITests";
				PRODUCT_NAME = "$(TARGET_NAME)";
				TEST_TARGET_NAME = RestructureYinYueTai;
			};
			name = Debug;
		};
		4F620F381F67A18D000D51A8 /* Release */ = {
			isa = XCBuildConfiguration;
			buildSettings = {
				INFOPLIST_FILE = RestructureYinYueTaiUITests/Info.plist;
				LD_RUNPATH_SEARCH_PATHS = "$(inherited) @executable_path/Frameworks @loader_path/Frameworks";
				PRODUCT_BUNDLE_IDENTIFIER = "-1hjkl.RestructureYinYueTaiUITests";
				PRODUCT_NAME = "$(TARGET_NAME)";
				TEST_TARGET_NAME = RestructureYinYueTai;
			};
			name = Release;
		};
/* End XCBuildConfiguration section */

/* Begin XCConfigurationList section */
		4F620EFE1F67A18D000D51A8 /* Build configuration list for PBXProject "RestructureYinYueTai" */ = {
			isa = XCConfigurationList;
			buildConfigurations = (
				4F620F2E1F67A18D000D51A8 /* Debug */,
				4F620F2F1F67A18D000D51A8 /* Release */,
			);
			defaultConfigurationIsVisible = 0;
			defaultConfigurationName = Release;
		};
		4F620F301F67A18D000D51A8 /* Build configuration list for PBXNativeTarget "RestructureYinYueTai" */ = {
			isa = XCConfigurationList;
			buildConfigurations = (
				4F620F311F67A18D000D51A8 /* Debug */,
				4F620F321F67A18D000D51A8 /* Release */,
			);
			defaultConfigurationIsVisible = 0;
		};
		4F620F331F67A18D000D51A8 /* Build configuration list for PBXNativeTarget "RestructureYinYueTaiTests" */ = {
			isa = XCConfigurationList;
			buildConfigurations = (
				4F620F341F67A18D000D51A8 /* Debug */,
				4F620F351F67A18D000D51A8 /* Release */,
			);
			defaultConfigurationIsVisible = 0;
		};
		4F620F361F67A18D000D51A8 /* Build configuration list for PBXNativeTarget "RestructureYinYueTaiUITests" */ = {
			isa = XCConfigurationList;
			buildConfigurations = (
				4F620F371F67A18D000D51A8 /* Debug */,
				4F620F381F67A18D000D51A8 /* Release */,
			);
			defaultConfigurationIsVisible = 0;
		};
/* End XCConfigurationList section */
	};
	rootObject = 4F620EFB1F67A18D000D51A8 /* Project object */;
}
